// !$*UTF8*$!
{
	archiveVersion = 1;
	classes = {
	};
	objectVersion = 77;
	objects = {

/* Begin PBXBuildFile section */
		403C53172EF62D7A00EEDDBE /* Auth in Frameworks */ = {isa = PBXBuildFile; productRef = 403C53162EF62D7A00EEDDBE /* Auth */; };
		403C53192EF62D7A00EEDDBE /* Functions in Frameworks */ = {isa = PBXBuildFile; productRef = 403C53182EF62D7A00EEDDBE /* Functions */; };
		403C531B2EF62D7A00EEDDBE /* PostgREST in Frameworks */ = {isa = PBXBuildFile; productRef = 403C531A2EF62D7A00EEDDBE /* PostgREST */; };
		403C531D2EF62D7A00EEDDBE /* Realtime in Frameworks */ = {isa = PBXBuildFile; productRef = 403C531C2EF62D7A00EEDDBE /* Realtime */; };
		403C53202EF62F6600EEDDBE /* Supabase in Frameworks */ = {isa = PBXBuildFile; productRef = 403C531F2EF62F6600EEDDBE /* Supabase */; };
		403C53442EF70F2E00EEDDBE /* LaunchScreen.storyboard in Resources */ = {isa = PBXBuildFile; fileRef = 403C53432EF70F2E00EEDDBE /* LaunchScreen.storyboard */; };
/* End PBXBuildFile section */

/* Begin PBXContainerItemProxy section */
		409885A32EF3FC8A00CFD669 /* PBXContainerItemProxy */ = {
			isa = PBXContainerItemProxy;
			containerPortal = 4098858D2EF3FC8700CFD669 /* Project object */;
			proxyType = 1;
			remoteGlobalIDString = 409885942EF3FC8700CFD669;
			remoteInfo = draingo;
		};
		409885AD2EF3FC8A00CFD669 /* PBXContainerItemProxy */ = {
			isa = PBXContainerItemProxy;
			containerPortal = 4098858D2EF3FC8700CFD669 /* Project object */;
			proxyType = 1;
			remoteGlobalIDString = 409885942EF3FC8700CFD669;
			remoteInfo = draingo;
		};
/* End PBXContainerItemProxy section */

/* Begin PBXFileReference section */
		403C53432EF70F2E00EEDDBE /* LaunchScreen.storyboard */ = {isa = PBXFileReference; lastKnownFileType = file.storyboard; path = LaunchScreen.storyboard; sourceTree = "<group>"; };
		409885952EF3FC8700CFD669 /* draingo.app */ = {isa = PBXFileReference; explicitFileType = wrapper.application; includeInIndex = 0; path = draingo.app; sourceTree = BUILT_PRODUCTS_DIR; };
		409885A22EF3FC8A00CFD669 /* draingoTests.xctest */ = {isa = PBXFileReference; explicitFileType = wrapper.cfbundle; includeInIndex = 0; path = draingoTests.xctest; sourceTree = BUILT_PRODUCTS_DIR; };
		409885AC2EF3FC8A00CFD669 /* draingoUITests.xctest */ = {isa = PBXFileReference; explicitFileType = wrapper.cfbundle; includeInIndex = 0; path = draingoUITests.xctest; sourceTree = BUILT_PRODUCTS_DIR; };
/* End PBXFileReference section */

/* Begin PBXFileSystemSynchronizedBuildFileExceptionSet section */
		403C534C2EF71BE200EEDDBE /* Exceptions for "draingo" folder in "draingo" target */ = {
			isa = PBXFileSystemSynchronizedBuildFileExceptionSet;
			membershipExceptions = (
				Info.plist,
			);
			target = 409885942EF3FC8700CFD669 /* draingo */;
		};
/* End PBXFileSystemSynchronizedBuildFileExceptionSet section */

/* Begin PBXFileSystemSynchronizedRootGroup section */
		409885972EF3FC8700CFD669 /* draingo */ = {
			isa = PBXFileSystemSynchronizedRootGroup;
			exceptions = (
				403C534C2EF71BE200EEDDBE /* Exceptions for "draingo" folder in "draingo" target */,
			);
			path = draingo;
			sourceTree = "<group>";
		};
		409885A52EF3FC8A00CFD669 /* draingoTests */ = {
			isa = PBXFileSystemSynchronizedRootGroup;
			path = draingoTests;
			sourceTree = "<group>";
		};
		409885AF2EF3FC8A00CFD669 /* draingoUITests */ = {
			isa = PBXFileSystemSynchronizedRootGroup;
			path = draingoUITests;
			sourceTree = "<group>";
		};
/* End PBXFileSystemSynchronizedRootGroup section */

/* Begin PBXFrameworksBuildPhase section */
		409885922EF3FC8700CFD669 /* Frameworks */ = {
			isa = PBXFrameworksBuildPhase;
			buildActionMask = 2147483647;
			files = (
				403C53202EF62F6600EEDDBE /* Supabase in Frameworks */,
				403C531B2EF62D7A00EEDDBE /* PostgREST in Frameworks */,
				403C53192EF62D7A00EEDDBE /* Functions in Frameworks */,
				403C53172EF62D7A00EEDDBE /* Auth in Frameworks */,
				403C531D2EF62D7A00EEDDBE /* Realtime in Frameworks */,
			);
			runOnlyForDeploymentPostprocessing = 0;
		};
		4098859F2EF3FC8A00CFD669 /* Frameworks */ = {
			isa = PBXFrameworksBuildPhase;
			buildActionMask = 2147483647;
			files = (
			);
			runOnlyForDeploymentPostprocessing = 0;
		};
		409885A92EF3FC8A00CFD669 /* Frameworks */ = {
			isa = PBXFrameworksBuildPhase;
			buildActionMask = 2147483647;
			files = (
			);
			runOnlyForDeploymentPostprocessing = 0;
		};
/* End PBXFrameworksBuildPhase section */

/* Begin PBXGroup section */
		403C531E2EF62F6600EEDDBE /* Frameworks */ = {
			isa = PBXGroup;
			children = (
			);
			name = Frameworks;
			sourceTree = "<group>";
		};
		4098858C2EF3FC8700CFD669 = {
			isa = PBXGroup;
			children = (
				403C53432EF70F2E00EEDDBE /* LaunchScreen.storyboard */,
				409885972EF3FC8700CFD669 /* draingo */,
				409885A52EF3FC8A00CFD669 /* draingoTests */,
				409885AF2EF3FC8A00CFD669 /* draingoUITests */,
				403C531E2EF62F6600EEDDBE /* Frameworks */,
				409885962EF3FC8700CFD669 /* Products */,
			);
			sourceTree = "<group>";
		};
		409885962EF3FC8700CFD669 /* Products */ = {
			isa = PBXGroup;
			children = (
				409885952EF3FC8700CFD669 /* draingo.app */,
				409885A22EF3FC8A00CFD669 /* draingoTests.xctest */,
				409885AC2EF3FC8A00CFD669 /* draingoUITests.xctest */,
			);
			name = Products;
			sourceTree = "<group>";
		};
/* End PBXGroup section */

/* Begin PBXNativeTarget section */
		409885942EF3FC8700CFD669 /* draingo */ = {
			isa = PBXNativeTarget;
			buildConfigurationList = 409885B62EF3FC8A00CFD669 /* Build configuration list for PBXNativeTarget "draingo" */;
			buildPhases = (
				409885912EF3FC8700CFD669 /* Sources */,
				409885922EF3FC8700CFD669 /* Frameworks */,
				409885932EF3FC8700CFD669 /* Resources */,
			);
			buildRules = (
			);
			dependencies = (
			);
			fileSystemSynchronizedGroups = (
				409885972EF3FC8700CFD669 /* draingo */,
			);
			name = draingo;
			packageProductDependencies = (
				403C53162EF62D7A00EEDDBE /* Auth */,
				403C53182EF62D7A00EEDDBE /* Functions */,
				403C531A2EF62D7A00EEDDBE /* PostgREST */,
				403C531C2EF62D7A00EEDDBE /* Realtime */,
				403C531F2EF62F6600EEDDBE /* Supabase */,
			);
			productName = draingo;
			productReference = 409885952EF3FC8700CFD669 /* draingo.app */;
			productType = "com.apple.product-type.application";
		};
		409885A12EF3FC8A00CFD669 /* draingoTests */ = {
			isa = PBXNativeTarget;
			buildConfigurationList = 409885B92EF3FC8A00CFD669 /* Build configuration list for PBXNativeTarget "draingoTests" */;
			buildPhases = (
				4098859E2EF3FC8A00CFD669 /* Sources */,
				4098859F2EF3FC8A00CFD669 /* Frameworks */,
				409885A02EF3FC8A00CFD669 /* Resources */,
			);
			buildRules = (
			);
			dependencies = (
				409885A42EF3FC8A00CFD669 /* PBXTargetDependency */,
			);
			fileSystemSynchronizedGroups = (
				409885A52EF3FC8A00CFD669 /* draingoTests */,
			);
			name = draingoTests;
			packageProductDependencies = (
			);
			productName = draingoTests;
			productReference = 409885A22EF3FC8A00CFD669 /* draingoTests.xctest */;
			productType = "com.apple.product-type.bundle.unit-test";
		};
		409885AB2EF3FC8A00CFD669 /* draingoUITests */ = {
			isa = PBXNativeTarget;
			buildConfigurationList = 409885BC2EF3FC8A00CFD669 /* Build configuration list for PBXNativeTarget "draingoUITests" */;
			buildPhases = (
				409885A82EF3FC8A00CFD669 /* Sources */,
				409885A92EF3FC8A00CFD669 /* Frameworks */,
				409885AA2EF3FC8A00CFD669 /* Resources */,
			);
			buildRules = (
			);
			dependencies = (
				409885AE2EF3FC8A00CFD669 /* PBXTargetDependency */,
			);
			fileSystemSynchronizedGroups = (
				409885AF2EF3FC8A00CFD669 /* draingoUITests */,
			);
			name = draingoUITests;
			packageProductDependencies = (
			);
			productName = draingoUITests;
			productReference = 409885AC2EF3FC8A00CFD669 /* draingoUITests.xctest */;
			productType = "com.apple.product-type.bundle.ui-testing";
		};
/* End PBXNativeTarget section */

/* Begin PBXProject section */
		4098858D2EF3FC8700CFD669 /* Project object */ = {
			isa = PBXProject;
			attributes = {
				BuildIndependentTargetsInParallel = 1;
				LastSwiftUpdateCheck = 2610;
				LastUpgradeCheck = 2610;
				TargetAttributes = {
					409885942EF3FC8700CFD669 = {
						CreatedOnToolsVersion = 26.1.1;
					};
					409885A12EF3FC8A00CFD669 = {
						CreatedOnToolsVersion = 26.1.1;
						TestTargetID = 409885942EF3FC8700CFD669;
					};
					409885AB2EF3FC8A00CFD669 = {
						CreatedOnToolsVersion = 26.1.1;
						TestTargetID = 409885942EF3FC8700CFD669;
					};
				};
			};
			buildConfigurationList = 409885902EF3FC8700CFD669 /* Build configuration list for PBXProject "draingo" */;
			developmentRegion = en;
			hasScannedForEncodings = 0;
			knownRegions = (
				en,
				Base,
			);
			mainGroup = 4098858C2EF3FC8700CFD669;
			minimizedProjectReferenceProxies = 1;
			packageReferences = (
				403C53152EF62D7A00EEDDBE /* XCRemoteSwiftPackageReference "supabase-swift" */,
			);
			preferredProjectObjectVersion = 77;
			productRefGroup = 409885962EF3FC8700CFD669 /* Products */;
			projectDirPath = "";
			projectRoot = "";
			targets = (
				409885942EF3FC8700CFD669 /* draingo */,
				409885A12EF3FC8A00CFD669 /* draingoTests */,
				409885AB2EF3FC8A00CFD669 /* draingoUITests */,
			);
		};
/* End PBXProject section */

/* Begin PBXResourcesBuildPhase section */
		409885932EF3FC8700CFD669 /* Resources */ = {
			isa = PBXResourcesBuildPhase;
			buildActionMask = 2147483647;
			files = (
				403C53442EF70F2E00EEDDBE /* LaunchScreen.storyboard in Resources */,
			);
			runOnlyForDeploymentPostprocessing = 0;
		};
		409885A02EF3FC8A00CFD669 /* Resources */ = {
			isa = PBXResourcesBuildPhase;
			buildActionMask = 2147483647;
			files = (
			);
			runOnlyForDeploymentPostprocessing = 0;
		};
		409885AA2EF3FC8A00CFD669 /* Resources */ = {
			isa = PBXResourcesBuildPhase;
			buildActionMask = 2147483647;
			files = (
			);
			runOnlyForDeploymentPostprocessing = 0;
		};
/* End PBXResourcesBuildPhase section */

/* Begin PBXSourcesBuildPhase section */
		409885912EF3FC8700CFD669 /* Sources */ = {
			isa = PBXSourcesBuildPhase;
			buildActionMask = 2147483647;
			files = (
			);
			runOnlyForDeploymentPostprocessing = 0;
		};
		4098859E2EF3FC8A00CFD669 /* Sources */ = {
			isa = PBXSourcesBuildPhase;
			buildActionMask = 2147483647;
			files = (
			);
			runOnlyForDeploymentPostprocessing = 0;
		};
		409885A82EF3FC8A00CFD669 /* Sources */ = {
			isa = PBXSourcesBuildPhase;
			buildActionMask = 2147483647;
			files = (
			);
			runOnlyForDeploymentPostprocessing = 0;
		};
/* End PBXSourcesBuildPhase section */

/* Begin PBXTargetDependency section */
		409885A42EF3FC8A00CFD669 /* PBXTargetDependency */ = {
			isa = PBXTargetDependency;
			target = 409885942EF3FC8700CFD669 /* draingo */;
			targetProxy = 409885A32EF3FC8A00CFD669 /* PBXContainerItemProxy */;
		};
		409885AE2EF3FC8A00CFD669 /* PBXTargetDependency */ = {
			isa = PBXTargetDependency;
			target = 409885942EF3FC8700CFD669 /* draingo */;
			targetProxy = 409885AD2EF3FC8A00CFD669 /* PBXContainerItemProxy */;
		};
/* End PBXTargetDependency section */

/* Begin XCBuildConfiguration section */
		409885B42EF3FC8A00CFD669 /* Debug */ = {
			isa = XCBuildConfiguration;
			buildSettings = {
				ALWAYS_SEARCH_USER_PATHS = NO;
				ASSETCATALOG_COMPILER_GENERATE_SWIFT_ASSET_SYMBOL_EXTENSIONS = YES;
				CLANG_ANALYZER_NONNULL = YES;
				CLANG_ANALYZER_NUMBER_OBJECT_CONVERSION = YES_AGGRESSIVE;
				CLANG_CXX_LANGUAGE_STANDARD = "gnu++20";
				CLANG_ENABLE_MODULES = YES;
				CLANG_ENABLE_OBJC_ARC = YES;
				CLANG_ENABLE_OBJC_WEAK = YES;
				CLANG_WARN_BLOCK_CAPTURE_AUTORELEASING = YES;
				CLANG_WARN_BOOL_CONVERSION = YES;
				CLANG_WARN_COMMA = YES;
				CLANG_WARN_CONSTANT_CONVERSION = YES;
				CLANG_WARN_DEPRECATED_OBJC_IMPLEMENTATIONS = YES;
				CLANG_WARN_DIRECT_OBJC_ISA_USAGE = YES_ERROR;
				CLANG_WARN_DOCUMENTATION_COMMENTS = YES;
				CLANG_WARN_EMPTY_BODY = YES;
				CLANG_WARN_ENUM_CONVERSION = YES;
				CLANG_WARN_INFINITE_RECURSION = YES;
				CLANG_WARN_INT_CONVERSION = YES;
				CLANG_WARN_NON_LITERAL_NULL_CONVERSION = YES;
				CLANG_WARN_OBJC_IMPLICIT_RETAIN_SELF = YES;
				CLANG_WARN_OBJC_LITERAL_CONVERSION = YES;
				CLANG_WARN_OBJC_ROOT_CLASS = YES_ERROR;
				CLANG_WARN_QUOTED_INCLUDE_IN_FRAMEWORK_HEADER = YES;
				CLANG_WARN_RANGE_LOOP_ANALYSIS = YES;
				CLANG_WARN_STRICT_PROTOTYPES = YES;
				CLANG_WARN_SUSPICIOUS_MOVE = YES;
				CLANG_WARN_UNGUARDED_AVAILABILITY = YES_AGGRESSIVE;
				CLANG_WARN_UNREACHABLE_CODE = YES;
				CLANG_WARN__DUPLICATE_METHOD_MATCH = YES;
				COPY_PHASE_STRIP = NO;
				DEBUG_INFORMATION_FORMAT = dwarf;
				ENABLE_STRICT_OBJC_MSGSEND = YES;
				ENABLE_TESTABILITY = YES;
				ENABLE_USER_SCRIPT_SANDBOXING = YES;
				GCC_C_LANGUAGE_STANDARD = gnu17;
				GCC_DYNAMIC_NO_PIC = NO;
				GCC_NO_COMMON_BLOCKS = YES;
				GCC_OPTIMIZATION_LEVEL = 0;
				GCC_PREPROCESSOR_DEFINITIONS = (
					"DEBUG=1",
					"$(inherited)",
				);
				GCC_WARN_64_TO_32_BIT_CONVERSION = YES;
				GCC_WARN_ABOUT_RETURN_TYPE = YES_ERROR;
				GCC_WARN_UNDECLARED_SELECTOR = YES;
				GCC_WARN_UNINITIALIZED_AUTOS = YES_AGGRESSIVE;
				GCC_WARN_UNUSED_FUNCTION = YES;
				GCC_WARN_UNUSED_VARIABLE = YES;
				IPHONEOS_DEPLOYMENT_TARGET = 26.1;
				LOCALIZATION_PREFERS_STRING_CATALOGS = YES;
				MTL_ENABLE_DEBUG_INFO = INCLUDE_SOURCE;
				MTL_FAST_MATH = YES;
				ONLY_ACTIVE_ARCH = YES;
				SDKROOT = iphoneos;
				SWIFT_ACTIVE_COMPILATION_CONDITIONS = "DEBUG $(inherited)";
				SWIFT_OPTIMIZATION_LEVEL = "-Onone";
			};
			name = Debug;
		};
		409885B52EF3FC8A00CFD669 /* Release */ = {
			isa = XCBuildConfiguration;
			buildSettings = {
				ALWAYS_SEARCH_USER_PATHS = NO;
				ASSETCATALOG_COMPILER_GENERATE_SWIFT_ASSET_SYMBOL_EXTENSIONS = YES;
				CLANG_ANALYZER_NONNULL = YES;
				CLANG_ANALYZER_NUMBER_OBJECT_CONVERSION = YES_AGGRESSIVE;
				CLANG_CXX_LANGUAGE_STANDARD = "gnu++20";
				CLANG_ENABLE_MODULES = YES;
				CLANG_ENABLE_OBJC_ARC = YES;
				CLANG_ENABLE_OBJC_WEAK = YES;
				CLANG_WARN_BLOCK_CAPTURE_AUTORELEASING = YES;
				CLANG_WARN_BOOL_CONVERSION = YES;
				CLANG_WARN_COMMA = YES;
				CLANG_WARN_CONSTANT_CONVERSION = YES;
				CLANG_WARN_DEPRECATED_OBJC_IMPLEMENTATIONS = YES;
				CLANG_WARN_DIRECT_OBJC_ISA_USAGE = YES_ERROR;
				CLANG_WARN_DOCUMENTATION_COMMENTS = YES;
				CLANG_WARN_EMPTY_BODY = YES;
				CLANG_WARN_ENUM_CONVERSION = YES;
				CLANG_WARN_INFINITE_RECURSION = YES;
				CLANG_WARN_INT_CONVERSION = YES;
				CLANG_WARN_NON_LITERAL_NULL_CONVERSION = YES;
				CLANG_WARN_OBJC_IMPLICIT_RETAIN_SELF = YES;
				CLANG_WARN_OBJC_LITERAL_CONVERSION = YES;
				CLANG_WARN_OBJC_ROOT_CLASS = YES_ERROR;
				CLANG_WARN_QUOTED_INCLUDE_IN_FRAMEWORK_HEADER = YES;
				CLANG_WARN_RANGE_LOOP_ANALYSIS = YES;
				CLANG_WARN_STRICT_PROTOTYPES = YES;
				CLANG_WARN_SUSPICIOUS_MOVE = YES;
				CLANG_WARN_UNGUARDED_AVAILABILITY = YES_AGGRESSIVE;
				CLANG_WARN_UNREACHABLE_CODE = YES;
				CLANG_WARN__DUPLICATE_METHOD_MATCH = YES;
				COPY_PHASE_STRIP = NO;
				DEBUG_INFORMATION_FORMAT = "dwarf-with-dsym";
				ENABLE_NS_ASSERTIONS = NO;
				ENABLE_STRICT_OBJC_MSGSEND = YES;
				ENABLE_USER_SCRIPT_SANDBOXING = YES;
				GCC_C_LANGUAGE_STANDARD = gnu17;
				GCC_NO_COMMON_BLOCKS = YES;
				GCC_WARN_64_TO_32_BIT_CONVERSION = YES;
				GCC_WARN_ABOUT_RETURN_TYPE = YES_ERROR;
				GCC_WARN_UNDECLARED_SELECTOR = YES;
				GCC_WARN_UNINITIALIZED_AUTOS = YES_AGGRESSIVE;
				GCC_WARN_UNUSED_FUNCTION = YES;
				GCC_WARN_UNUSED_VARIABLE = YES;
				IPHONEOS_DEPLOYMENT_TARGET = 26.1;
				LOCALIZATION_PREFERS_STRING_CATALOGS = YES;
				MTL_ENABLE_DEBUG_INFO = NO;
				MTL_FAST_MATH = YES;
				SDKROOT = iphoneos;
				SWIFT_COMPILATION_MODE = wholemodule;
				VALIDATE_PRODUCT = YES;
			};
			name = Release;
		};
		409885B72EF3FC8A00CFD669 /* Debug */ = {
			isa = XCBuildConfiguration;
			buildSettings = {
				ASSETCATALOG_COMPILER_APPICON_NAME = AppIcon;
				ASSETCATALOG_COMPILER_GLOBAL_ACCENT_COLOR_NAME = AccentColor;
				ASSETCATALOG_COMPILER_INCLUDE_ALL_APPICON_ASSETS = NO;
				CODE_SIGN_STYLE = Automatic;
				CURRENT_PROJECT_VERSION = 1;
				DEVELOPMENT_TEAM = 7P8D2FG97R;
				ENABLE_PREVIEWS = YES;
				GENERATE_INFOPLIST_FILE = YES;
				INFOPLIST_FILE = draingo/Info.plist;
				INFOPLIST_KEY_NSLocationWhenInUseUsageDescription = "We use your location to show nearby flood areas.";
				INFOPLIST_KEY_UIApplicationSceneManifest_Generation = YES;
				INFOPLIST_KEY_UIApplicationSupportsIndirectInputEvents = YES;
				INFOPLIST_KEY_UILaunchScreen_Generation = YES;
				INFOPLIST_KEY_UILaunchStoryboardName = LaunchScreen.storyboard;
				INFOPLIST_KEY_UISupportedInterfaceOrientations_iPad = "UIInterfaceOrientationPortrait UIInterfaceOrientationPortraitUpsideDown UIInterfaceOrientationLandscapeLeft UIInterfaceOrientationLandscapeRight";
				INFOPLIST_KEY_UISupportedInterfaceOrientations_iPhone = "UIInterfaceOrientationPortrait UIInterfaceOrientationLandscapeLeft UIInterfaceOrientationLandscapeRight";
				LD_RUNPATH_SEARCH_PATHS = (
					"$(inherited)",
					"@executable_path/Frameworks",
				);
				MARKETING_VERSION = 1.0;
				PRODUCT_BUNDLE_IDENTIFIER = zxtomw.draingo;
				PRODUCT_NAME = "$(TARGET_NAME)";
				STRING_CATALOG_GENERATE_SYMBOLS = YES;
				SWIFT_APPROACHABLE_CONCURRENCY = YES;
				SWIFT_DEFAULT_ACTOR_ISOLATION = MainActor;
				SWIFT_EMIT_LOC_STRINGS = YES;
				SWIFT_UPCOMING_FEATURE_MEMBER_IMPORT_VISIBILITY = YES;
				SWIFT_VERSION = 5.0;
				TARGETED_DEVICE_FAMILY = "1,2";
			};
			name = Debug;
		};
		409885B82EF3FC8A00CFD669 /* Release */ = {
			isa = XCBuildConfiguration;
			buildSettings = {
				ASSETCATALOG_COMPILER_APPICON_NAME = AppIcon;
				ASSETCATALOG_COMPILER_GLOBAL_ACCENT_COLOR_NAME = AccentColor;
				ASSETCATALOG_COMPILER_INCLUDE_ALL_APPICON_ASSETS = NO;
				CODE_SIGN_STYLE = Automatic;
				CURRENT_PROJECT_VERSION = 1;
				DEVELOPMENT_TEAM = 7P8D2FG97R;
				ENABLE_PREVIEWS = YES;
				GENERATE_INFOPLIST_FILE = YES;
				INFOPLIST_FILE = draingo/Info.plist;
				INFOPLIST_KEY_NSLocationWhenInUseUsageDescription = "We use your location to show nearby flood areas.";
				INFOPLIST_KEY_UIApplicationSceneManifest_Generation = YES;
				INFOPLIST_KEY_UIApplicationSupportsIndirectInputEvents = YES;
				INFOPLIST_KEY_UILaunchScreen_Generation = YES;
				INFOPLIST_KEY_UILaunchStoryboardName = LaunchScreen.storyboard;
				INFOPLIST_KEY_UISupportedInterfaceOrientations_iPad = "UIInterfaceOrientationPortrait UIInterfaceOrientationPortraitUpsideDown UIInterfaceOrientationLandscapeLeft UIInterfaceOrientationLandscapeRight";
				INFOPLIST_KEY_UISupportedInterfaceOrientations_iPhone = "UIInterfaceOrientationPortrait UIInterfaceOrientationLandscapeLeft UIInterfaceOrientationLandscapeRight";
				LD_RUNPATH_SEARCH_PATHS = (
					"$(inherited)",
					"@executable_path/Frameworks",
				);
				MARKETING_VERSION = 1.0;
				PRODUCT_BUNDLE_IDENTIFIER = zxtomw.draingo;
				PRODUCT_NAME = "$(TARGET_NAME)";
				STRING_CATALOG_GENERATE_SYMBOLS = YES;
				SWIFT_APPROACHABLE_CONCURRENCY = YES;
				SWIFT_DEFAULT_ACTOR_ISOLATION = MainActor;
				SWIFT_EMIT_LOC_STRINGS = YES;
				SWIFT_UPCOMING_FEATURE_MEMBER_IMPORT_VISIBILITY = YES;
				SWIFT_VERSION = 5.0;
				TARGETED_DEVICE_FAMILY = "1,2";
			};
			name = Release;
		};
		409885BA2EF3FC8A00CFD669 /* Debug */ = {
			isa = XCBuildConfiguration;
			buildSettings = {
				BUNDLE_LOADER = "$(TEST_HOST)";
				CODE_SIGN_STYLE = Automatic;
				CURRENT_PROJECT_VERSION = 1;
				GENERATE_INFOPLIST_FILE = YES;
				IPHONEOS_DEPLOYMENT_TARGET = 26.1;
				MARKETING_VERSION = 1.0;
				PRODUCT_BUNDLE_IDENTIFIER = zxtomw.draingoTests;
				PRODUCT_NAME = "$(TARGET_NAME)";
				STRING_CATALOG_GENERATE_SYMBOLS = NO;
				SWIFT_APPROACHABLE_CONCURRENCY = YES;
				SWIFT_EMIT_LOC_STRINGS = NO;
				SWIFT_UPCOMING_FEATURE_MEMBER_IMPORT_VISIBILITY = YES;
				SWIFT_VERSION = 5.0;
				TARGETED_DEVICE_FAMILY = "1,2";
				TEST_HOST = "$(BUILT_PRODUCTS_DIR)/draingo.app/$(BUNDLE_EXECUTABLE_FOLDER_PATH)/draingo";
			};
			name = Debug;
		};
		409885BB2EF3FC8A00CFD669 /* Release */ = {
			isa = XCBuildConfiguration;
			buildSettings = {
				BUNDLE_LOADER = "$(TEST_HOST)";
				CODE_SIGN_STYLE = Automatic;
				CURRENT_PROJECT_VERSION = 1;
				GENERATE_INFOPLIST_FILE = YES;
				IPHONEOS_DEPLOYMENT_TARGET = 26.1;
				MARKETING_VERSION = 1.0;
				PRODUCT_BUNDLE_IDENTIFIER = zxtomw.draingoTests;
				PRODUCT_NAME = "$(TARGET_NAME)";
				STRING_CATALOG_GENERATE_SYMBOLS = NO;
				SWIFT_APPROACHABLE_CONCURRENCY = YES;
				SWIFT_EMIT_LOC_STRINGS = NO;
				SWIFT_UPCOMING_FEATURE_MEMBER_IMPORT_VISIBILITY = YES;
				SWIFT_VERSION = 5.0;
				TARGETED_DEVICE_FAMILY = "1,2";
				TEST_HOST = "$(BUILT_PRODUCTS_DIR)/draingo.app/$(BUNDLE_EXECUTABLE_FOLDER_PATH)/draingo";
			};
			name = Release;
		};
		409885BD2EF3FC8A00CFD669 /* Debug */ = {
			isa = XCBuildConfiguration;
			buildSettings = {
				CODE_SIGN_STYLE = Automatic;
				CURRENT_PROJECT_VERSION = 1;
				GENERATE_INFOPLIST_FILE = YES;
				MARKETING_VERSION = 1.0;
				PRODUCT_BUNDLE_IDENTIFIER = zxtomw.draingoUITests;
				PRODUCT_NAME = "$(TARGET_NAME)";
				STRING_CATALOG_GENERATE_SYMBOLS = NO;
				SWIFT_APPROACHABLE_CONCURRENCY = YES;
				SWIFT_EMIT_LOC_STRINGS = NO;
				SWIFT_UPCOMING_FEATURE_MEMBER_IMPORT_VISIBILITY = YES;
				SWIFT_VERSION = 5.0;
				TARGETED_DEVICE_FAMILY = "1,2";
				TEST_TARGET_NAME = draingo;
			};
			name = Debug;
		};
		409885BE2EF3FC8A00CFD669 /* Release */ = {
			isa = XCBuildConfiguration;
			buildSettings = {
				CODE_SIGN_STYLE = Automatic;
				CURRENT_PROJECT_VERSION = 1;
				GENERATE_INFOPLIST_FILE = YES;
				MARKETING_VERSION = 1.0;
				PRODUCT_BUNDLE_IDENTIFIER = zxtomw.draingoUITests;
				PRODUCT_NAME = "$(TARGET_NAME)";
				STRING_CATALOG_GENERATE_SYMBOLS = NO;
				SWIFT_APPROACHABLE_CONCURRENCY = YES;
				SWIFT_EMIT_LOC_STRINGS = NO;
				SWIFT_UPCOMING_FEATURE_MEMBER_IMPORT_VISIBILITY = YES;
				SWIFT_VERSION = 5.0;
				TARGETED_DEVICE_FAMILY = "1,2";
				TEST_TARGET_NAME = draingo;
			};
			name = Release;
		};
/* End XCBuildConfiguration section */

/* Begin XCConfigurationList section */
		409885902EF3FC8700CFD669 /* Build configuration list for PBXProject "draingo" */ = {
			isa = XCConfigurationList;
			buildConfigurations = (
				409885B42EF3FC8A00CFD669 /* Debug */,
				409885B52EF3FC8A00CFD669 /* Release */,
			);
			defaultConfigurationIsVisible = 0;
			defaultConfigurationName = Release;
		};
		409885B62EF3FC8A00CFD669 /* Build configuration list for PBXNativeTarget "draingo" */ = {
			isa = XCConfigurationList;
			buildConfigurations = (
				409885B72EF3FC8A00CFD669 /* Debug */,
				409885B82EF3FC8A00CFD669 /* Release */,
			);
			defaultConfigurationIsVisible = 0;
			defaultConfigurationName = Release;
		};
		409885B92EF3FC8A00CFD669 /* Build configuration list for PBXNativeTarget "draingoTests" */ = {
			isa = XCConfigurationList;
			buildConfigurations = (
				409885BA2EF3FC8A00CFD669 /* Debug */,
				409885BB2EF3FC8A00CFD669 /* Release */,
			);
			defaultConfigurationIsVisible = 0;
			defaultConfigurationName = Release;
		};
		409885BC2EF3FC8A00CFD669 /* Build configuration list for PBXNativeTarget "draingoUITests" */ = {
			isa = XCConfigurationList;
			buildConfigurations = (
				409885BD2EF3FC8A00CFD669 /* Debug */,
				409885BE2EF3FC8A00CFD669 /* Release */,
			);
			defaultConfigurationIsVisible = 0;
			defaultConfigurationName = Release;
		};
/* End XCConfigurationList section */

/* Begin XCRemoteSwiftPackageReference section */
		403C53152EF62D7A00EEDDBE /* XCRemoteSwiftPackageReference "supabase-swift" */ = {
			isa = XCRemoteSwiftPackageReference;
			repositoryURL = "https://github.com/supabase/supabase-swift";
			requirement = {
				kind = upToNextMajorVersion;
				minimumVersion = 2.5.1;
			};
		};
/* End XCRemoteSwiftPackageReference section */

/* Begin XCSwiftPackageProductDependency section */
		403C53162EF62D7A00EEDDBE /* Auth */ = {
			isa = XCSwiftPackageProductDependency;
			package = 403C53152EF62D7A00EEDDBE /* XCRemoteSwiftPackageReference "supabase-swift" */;
			productName = Auth;
		};
		403C53182EF62D7A00EEDDBE /* Functions */ = {
			isa = XCSwiftPackageProductDependency;
			package = 403C53152EF62D7A00EEDDBE /* XCRemoteSwiftPackageReference "supabase-swift" */;
			productName = Functions;
		};
		403C531A2EF62D7A00EEDDBE /* PostgREST */ = {
			isa = XCSwiftPackageProductDependency;
			package = 403C53152EF62D7A00EEDDBE /* XCRemoteSwiftPackageReference "supabase-swift" */;
			productName = PostgREST;
		};
		403C531C2EF62D7A00EEDDBE /* Realtime */ = {
			isa = XCSwiftPackageProductDependency;
			package = 403C53152EF62D7A00EEDDBE /* XCRemoteSwiftPackageReference "supabase-swift" */;
			productName = Realtime;
		};
		403C531F2EF62F6600EEDDBE /* Supabase */ = {
			isa = XCSwiftPackageProductDependency;
			package = 403C53152EF62D7A00EEDDBE /* XCRemoteSwiftPackageReference "supabase-swift" */;
			productName = Supabase;
		};
/* End XCSwiftPackageProductDependency section */
	};
	rootObject = 4098858D2EF3FC8700CFD669 /* Project object */;
}
